{
  "lockfileVersion": 1,
  "configVersion": 1,
  "workspaces": {
    "": {
      "name": "cluefin-fsd",
    },
    "apps/broker": {
      "name": "@cluefin/broker",
      "version": "0.0.1",
      "dependencies": {
        "@cluefin/cloudflare": "workspace:*",
        "@cluefin/securities": "workspace:*",
      },
      "devDependencies": {
        "@types/bun": "^1.3.8",
        "@types/node": "^25.1.0",
      },
    },
    "apps/scheduler": {
      "name": "@cluefin/scheduler",
      "version": "0.0.1",
      "dependencies": {
        "@cluefin/securities": "workspace:*",
      },
    },
    "apps/trader": {
      "name": "@cluefin/trader",
      "version": "0.0.1",
      "dependencies": {
        "@cluefin/securities": "workspace:*",
      },
    },
    "packages/cloudflare": {
      "name": "@cluefin/cloudflare",
      "version": "0.0.1",
      "dependencies": {
        "@cluefin/securities": "workspace:*",
      },
    },
    "packages/securities": {
      "name": "@cluefin/securities",
      "version": "0.0.1",
    },
  },
  "packages": {
    "@cluefin/broker": ["@cluefin/broker@workspace:apps/broker"],

    "@cluefin/cloudflare": ["@cluefin/cloudflare@workspace:packages/cloudflare"],

    "@cluefin/scheduler": ["@cluefin/scheduler@workspace:apps/scheduler"],

    "@cluefin/securities": ["@cluefin/securities@workspace:packages/securities"],

    "@cluefin/trader": ["@cluefin/trader@workspace:apps/trader"],

    "@types/bun": ["@types/bun@1.3.8", "", { "dependencies": { "bun-types": "1.3.8" } }, "sha512-3LvWJ2q5GerAXYxO2mffLTqOzEu5qnhEAlh48Vnu8WQfnmSwbgagjGZV6BoHKJztENYEDn6QmVd949W4uESRJA=="],

    "@types/node": ["@types/node@25.1.0", "", { "dependencies": { "undici-types": "~7.16.0" } }, "sha512-t7frlewr6+cbx+9Ohpl0NOTKXZNV9xHRmNOvql47BFJKcEG1CxtxlPEEe+gR9uhVWM4DwhnvTF110mIL4yP9RA=="],

    "bun-types": ["bun-types@1.3.8", "", { "dependencies": { "@types/node": "*" } }, "sha512-fL99nxdOWvV4LqjmC+8Q9kW3M4QTtTR1eePs94v5ctGqU8OeceWrSUaRw3JYb7tU3FkMIAjkueehrHPPPGKi5Q=="],

    "undici-types": ["undici-types@7.16.0", "", {}, "sha512-Zz+aZWSj8LE6zoxD+xrjh4VfkIG8Ya6LvYkZqtUQGJPZjYl53ypCaUwWqo7eI0x66KBGeRo+mlBEkMSeSZ38Nw=="],
  }
}
